
Microsoft Visual Studio Solution File, Format Version 12.00
# Visual Studio Version 17
VisualStudioVersion = 17.0.31903.59
MinimumVisualStudioVersion = 10.0.40219.1
Project("{FAE04EC0-301F-11D3-BF4B-00C04F79EFBC}") = "CaculadoraTestes", "CaculadoraTestes\CaculadoraTestes.csproj", "{C6203BD3-7B04-4A69-81CF-ED5B04F5ED7F}"
EndProject
Project("{FAE04EC0-301F-11D3-BF4B-00C04F79EFBC}") = "Calculadora", "Calculadora\Calculadora.csproj", "{1D091432-47E8-4187-AB8A-1D144FE50850}"
EndProject
Global
	GlobalSection(SolutionConfigurationPlatforms) = preSolution
		Debug|Any CPU = Debug|Any CPU
		Release|Any CPU = Release|Any CPU
	EndGlobalSection
	GlobalSection(SolutionProperties) = preSolution
		HideSolutionNode = FALSE
	EndGlobalSection
	GlobalSection(ProjectConfigurationPlatforms) = postSolution
		{C6203BD3-7B04-4A69-81CF-ED5B04F5ED7F}.Debug|Any CPU.ActiveCfg = Debug|Any CPU
		{C6203BD3-7B04-4A69-81CF-ED5B04F5ED7F}.Debug|Any CPU.Build.0 = Debug|Any CPU
		{C6203BD3-7B04-4A69-81CF-ED5B04F5ED7F}.Release|Any CPU.ActiveCfg = Release|Any CPU
		{C6203BD3-7B04-4A69-81CF-ED5B04F5ED7F}.Release|Any CPU.Build.0 = Release|Any CPU
		{1D091432-47E8-4187-AB8A-1D144FE50850}.Debug|Any CPU.ActiveCfg = Debug|Any CPU
		{1D091432-47E8-4187-AB8A-1D144FE50850}.Debug|Any CPU.Build.0 = Debug|Any CPU
		{1D091432-47E8-4187-AB8A-1D144FE50850}.Release|Any CPU.ActiveCfg = Release|Any CPU
		{1D091432-47E8-4187-AB8A-1D144FE50850}.Release|Any CPU.Build.0 = Release|Any CPU
	EndGlobalSection
EndGlobal
